# THIS IS AN AUTOGENERATED FILE. DO NOT EDIT THIS FILE DIRECTLY.
# yarn lockfile v1


i18n-js@^3.7.0:
  version "3.7.0"
  resolved "https://registry.yarnpkg.com/i18n-js/-/i18n-js-3.7.0.tgz#84bf7706610f8a2589b3d6b15083a0a38a33dcb7"
  integrity sha512-t5E5iiEqnkb3vy27V73dU3vcjDlmzbusKC5sXcGFOhte3b2BieVLu+qX1kRlyty9QfZADW3iZUSqeeUS9sal5w==

react-native-localize@^1.4.0:
  version "1.4.0"
  resolved "https://registry.yarnpkg.com/react-native-localize/-/react-native-localize-1.4.0.tgz#4653596d066d0941c48f5404dc1c0d08b6950443"
  integrity sha512-W2MQxm6hzD549ZbZcbWzWtYJseY7S7WR2WgsNhm9ULmbwP7tXFfOTbkJjQoqgPXYSXogKN3srXhntVsNZL0Ksw==
